
Microsoft Visual Studio Solution File, Format Version 12.00
# Visual Studio Version 17
VisualStudioVersion = 17.0.32014.148
MinimumVisualStudioVersion = 10.0.40219.1
Project("{9A19103F-16F7-4668-BE54-9A1E7A4F7556}") = "XY.CO2NET", "XY.CO2NET\XY.CO2NET.csproj", "{15204D29-C8DE-4827-A2C3-FB301B019EF2}"
EndProject
Project("{9A19103F-16F7-4668-BE54-9A1E7A4F7556}") = "XY.CO2NET.Cache.Redis", "XY.CO2NET.Cache.Redis\XY.CO2NET.Cache.Redis.csproj", "{E56ED0CC-E43C-4065-A033-C8C1DE4995AD}"
EndProject
Project("{2150E333-8FDC-42A3-9474-1A3956D46DE8}") = "Cache", "Cache", "{6E8EF90A-4254-469F-B808-1C7A1388E6E6}"
EndProject
Project("{2150E333-8FDC-42A3-9474-1A3956D46DE8}") = "Tests", "Tests", "{851941B9-B437-4DA3-933D-3E27D9FA33E0}"
EndProject
Project("{9A19103F-16F7-4668-BE54-9A1E7A4F7556}") = "XY.SMS", "XY.SMS\XY.SMS.csproj", "{33D70F18-3A9A-4A8A-9FFA-81F6D5005E0A}"
EndProject
Project("{FAE04EC0-301F-11D3-BF4B-00C04F79EFBC}") = "XY.CO2NETTests", "XY.CO2NETTests\XY.CO2NETTests.csproj", "{677E2267-115C-40F4-A628-33901769B550}"
EndProject
Global
	GlobalSection(SolutionConfigurationPlatforms) = preSolution
		Debug|Any CPU = Debug|Any CPU
		Release|Any CPU = Release|Any CPU
	EndGlobalSection
	GlobalSection(ProjectConfigurationPlatforms) = postSolution
		{15204D29-C8DE-4827-A2C3-FB301B019EF2}.Debug|Any CPU.ActiveCfg = Debug|Any CPU
		{15204D29-C8DE-4827-A2C3-FB301B019EF2}.Debug|Any CPU.Build.0 = Debug|Any CPU
		{15204D29-C8DE-4827-A2C3-FB301B019EF2}.Release|Any CPU.ActiveCfg = Release|Any CPU
		{15204D29-C8DE-4827-A2C3-FB301B019EF2}.Release|Any CPU.Build.0 = Release|Any CPU
		{E56ED0CC-E43C-4065-A033-C8C1DE4995AD}.Debug|Any CPU.ActiveCfg = Debug|Any CPU
		{E56ED0CC-E43C-4065-A033-C8C1DE4995AD}.Debug|Any CPU.Build.0 = Debug|Any CPU
		{E56ED0CC-E43C-4065-A033-C8C1DE4995AD}.Release|Any CPU.ActiveCfg = Release|Any CPU
		{E56ED0CC-E43C-4065-A033-C8C1DE4995AD}.Release|Any CPU.Build.0 = Release|Any CPU
		{33D70F18-3A9A-4A8A-9FFA-81F6D5005E0A}.Debug|Any CPU.ActiveCfg = Debug|Any CPU
		{33D70F18-3A9A-4A8A-9FFA-81F6D5005E0A}.Debug|Any CPU.Build.0 = Debug|Any CPU
		{33D70F18-3A9A-4A8A-9FFA-81F6D5005E0A}.Release|Any CPU.ActiveCfg = Release|Any CPU
		{33D70F18-3A9A-4A8A-9FFA-81F6D5005E0A}.Release|Any CPU.Build.0 = Release|Any CPU
		{677E2267-115C-40F4-A628-33901769B550}.Debug|Any CPU.ActiveCfg = Debug|Any CPU
		{677E2267-115C-40F4-A628-33901769B550}.Debug|Any CPU.Build.0 = Debug|Any CPU
		{677E2267-115C-40F4-A628-33901769B550}.Release|Any CPU.ActiveCfg = Release|Any CPU
		{677E2267-115C-40F4-A628-33901769B550}.Release|Any CPU.Build.0 = Release|Any CPU
	EndGlobalSection
	GlobalSection(SolutionProperties) = preSolution
		HideSolutionNode = FALSE
	EndGlobalSection
	GlobalSection(NestedProjects) = preSolution
		{E56ED0CC-E43C-4065-A033-C8C1DE4995AD} = {6E8EF90A-4254-469F-B808-1C7A1388E6E6}
		{677E2267-115C-40F4-A628-33901769B550} = {851941B9-B437-4DA3-933D-3E27D9FA33E0}
	EndGlobalSection
	GlobalSection(ExtensibilityGlobals) = postSolution
		SolutionGuid = {A7377D91-D341-4896-B288-99795CB5CB66}
	EndGlobalSection
EndGlobal
